
Microsoft Visual Studio Solution File, Format Version 12.00
# Visual Studio 15
VisualStudioVersion = 15.0.28010.2019
MinimumVisualStudioVersion = 10.0.40219.1
Project("{FAE04EC0-301F-11D3-BF4B-00C04F79EFBC}") = "IUR-p04", "IUR-p04.csproj", "{14D88F71-C858-4BBD-AF47-1376D6FD8AA5}"
EndProject
Global
	GlobalSection(SolutionConfigurationPlatforms) = preSolution
		Debug|Any CPU = Debug|Any CPU
		Release|Any CPU = Release|Any CPU
	EndGlobalSection
	GlobalSection(ProjectConfigurationPlatforms) = postSolution
		{14D88F71-C858-4BBD-AF47-1376D6FD8AA5}.Debug|Any CPU.ActiveCfg = Debug|Any CPU
		{14D88F71-C858-4BBD-AF47-1376D6FD8AA5}.Debug|Any CPU.Build.0 = Debug|Any CPU
		{14D88F71-C858-4BBD-AF47-1376D6FD8AA5}.Release|Any CPU.ActiveCfg = Release|Any CPU
		{14D88F71-C858-4BBD-AF47-1376D6FD8AA5}.Release|Any CPU.Build.0 = Release|Any CPU
	EndGlobalSection
	GlobalSection(SolutionProperties) = preSolution
		HideSolutionNode = FALSE
	EndGlobalSection
	GlobalSection(ExtensibilityGlobals) = postSolution
		SolutionGuid = {AE4704FC-BFA8-4400-A9DE-258321E8DEA7}
	EndGlobalSection
EndGlobal
