
Microsoft Visual Studio Solution File, Format Version 12.00
# Visual Studio 15
VisualStudioVersion = 15.0.28010.2003
MinimumVisualStudioVersion = 10.0.40219.1
Project("{FAE04EC0-301F-11D3-BF4B-00C04F79EFBC}") = "IUR_p07", "IUR_p07\IUR_p07.csproj", "{F87CC1DF-0F77-4D8D-8D4C-63FB8C7F9518}"
EndProject
Project("{FAE04EC0-301F-11D3-BF4B-00C04F79EFBC}") = "WeatherInfoCustomControl", "MyCustomControl\WeatherInfoCustomControl.csproj", "{B1822BAD-EDBA-4227-9400-439772F2C670}"
EndProject
Global
	GlobalSection(SolutionConfigurationPlatforms) = preSolution
		Debug|Any CPU = Debug|Any CPU
		Release|Any CPU = Release|Any CPU
	EndGlobalSection
	GlobalSection(ProjectConfigurationPlatforms) = postSolution
		{F87CC1DF-0F77-4D8D-8D4C-63FB8C7F9518}.Debug|Any CPU.ActiveCfg = Debug|Any CPU
		{F87CC1DF-0F77-4D8D-8D4C-63FB8C7F9518}.Debug|Any CPU.Build.0 = Debug|Any CPU
		{F87CC1DF-0F77-4D8D-8D4C-63FB8C7F9518}.Release|Any CPU.ActiveCfg = Release|Any CPU
		{F87CC1DF-0F77-4D8D-8D4C-63FB8C7F9518}.Release|Any CPU.Build.0 = Release|Any CPU
		{B1822BAD-EDBA-4227-9400-439772F2C670}.Debug|Any CPU.ActiveCfg = Debug|Any CPU
		{B1822BAD-EDBA-4227-9400-439772F2C670}.Debug|Any CPU.Build.0 = Debug|Any CPU
		{B1822BAD-EDBA-4227-9400-439772F2C670}.Release|Any CPU.ActiveCfg = Release|Any CPU
		{B1822BAD-EDBA-4227-9400-439772F2C670}.Release|Any CPU.Build.0 = Release|Any CPU
	EndGlobalSection
	GlobalSection(SolutionProperties) = preSolution
		HideSolutionNode = FALSE
	EndGlobalSection
	GlobalSection(ExtensibilityGlobals) = postSolution
		SolutionGuid = {8C41C4C1-40DF-49F2-9F12-3BB62432C51D}
	EndGlobalSection
EndGlobal
